
Microsoft Visual Studio Solution File, Format Version 12.00
Project("{FAE04EC0-301F-11D3-BF4B-00C04F79EFBC}") = "Capstone", "Capstone\Capstone.csproj", "{D0767C4C-B5A7-4539-8492-84D48CF1166C}"
EndProject
Global
	GlobalSection(SolutionConfigurationPlatforms) = preSolution
		Debug|Any CPU = Debug|Any CPU
		Release|Any CPU = Release|Any CPU
	EndGlobalSection
	GlobalSection(ProjectConfigurationPlatforms) = postSolution
		{D0767C4C-B5A7-4539-8492-84D48CF1166C}.Debug|Any CPU.ActiveCfg = Debug|Any CPU
		{D0767C4C-B5A7-4539-8492-84D48CF1166C}.Debug|Any CPU.Build.0 = Debug|Any CPU
		{D0767C4C-B5A7-4539-8492-84D48CF1166C}.Release|Any CPU.ActiveCfg = Release|Any CPU
		{D0767C4C-B5A7-4539-8492-84D48CF1166C}.Release|Any CPU.Build.0 = Release|Any CPU
	EndGlobalSection
EndGlobal
